
Microsoft Visual Studio Solution File, Format Version 12.00
# Visual Studio Version 17
VisualStudioVersion = 17.12.35521.163 d17.12
MinimumVisualStudioVersion = 10.0.40219.1
Project("{FAE04EC0-301F-11D3-BF4B-00C04F79EFBC}") = "MetalSearch_Application", "MetalSearch_Application\MetalSearch_Application.csproj", "{DCC869CE-CB03-447F-8DAF-B9ADABBE4B52}"
EndProject
Project("{FAE04EC0-301F-11D3-BF4B-00C04F79EFBC}") = "MetalSearch_Backend", "MetalSearch_Backend\MetalSearch_Backend.csproj", "{4528A161-0ECE-4B0D-893F-1818C854EEB0}"
EndProject
Global
	GlobalSection(SolutionConfigurationPlatforms) = preSolution
		Debug|Any CPU = Debug|Any CPU
		Release|Any CPU = Release|Any CPU
	EndGlobalSection
	GlobalSection(ProjectConfigurationPlatforms) = postSolution
		{DCC869CE-CB03-447F-8DAF-B9ADABBE4B52}.Debug|Any CPU.ActiveCfg = Debug|Any CPU
		{DCC869CE-CB03-447F-8DAF-B9ADABBE4B52}.Debug|Any CPU.Build.0 = Debug|Any CPU
		{DCC869CE-CB03-447F-8DAF-B9ADABBE4B52}.Release|Any CPU.ActiveCfg = Release|Any CPU
		{DCC869CE-CB03-447F-8DAF-B9ADABBE4B52}.Release|Any CPU.Build.0 = Release|Any CPU
		{4528A161-0ECE-4B0D-893F-1818C854EEB0}.Debug|Any CPU.ActiveCfg = Debug|Any CPU
		{4528A161-0ECE-4B0D-893F-1818C854EEB0}.Debug|Any CPU.Build.0 = Debug|Any CPU
		{4528A161-0ECE-4B0D-893F-1818C854EEB0}.Release|Any CPU.ActiveCfg = Release|Any CPU
		{4528A161-0ECE-4B0D-893F-1818C854EEB0}.Release|Any CPU.Build.0 = Release|Any CPU
	EndGlobalSection
	GlobalSection(SolutionProperties) = preSolution
		HideSolutionNode = FALSE
	EndGlobalSection
EndGlobal
